// !$*UTF8*$!
{
	archiveVersion = 1;
	classes = {
	};
	objectVersion = 56;
	objects = {

/* Begin PBXBuildFile section */
		4E67255F2C8E80BA0063DC95 /* AppDelegate.m in Sources */ = {isa = PBXBuildFile; fileRef = 4E67255E2C8E80BA0063DC95 /* AppDelegate.m */; };
		4E6725622C8E80BA0063DC95 /* SceneDelegate.m in Sources */ = {isa = PBXBuildFile; fileRef = 4E6725612C8E80BA0063DC95 /* SceneDelegate.m */; };
		4E6725652C8E80BA0063DC95 /* ViewController.m in Sources */ = {isa = PBXBuildFile; fileRef = 4E6725642C8E80BA0063DC95 /* ViewController.m */; };
		4E6725682C8E80BA0063DC95 /* Base in Resources */ = {isa = PBXBuildFile; fileRef = 4E6725672C8E80BA0063DC95 /* Base */; };
		4E67256A2C8E80BB0063DC95 /* Assets.xcassets in Resources */ = {isa = PBXBuildFile; fileRef = 4E6725692C8E80BB0063DC95 /* Assets.xcassets */; };
		4E67256D2C8E80BB0063DC95 /* Base in Resources */ = {isa = PBXBuildFile; fileRef = 4E67256C2C8E80BB0063DC95 /* Base */; };
		4E6725702C8E80BB0063DC95 /* main.m in Sources */ = {isa = PBXBuildFile; fileRef = 4E67256F2C8E80BB0063DC95 /* main.m */; };
		4E6725772C8E80C70063DC95 /* AliyunEmasServices-Info.plist in Resources */ = {isa = PBXBuildFile; fileRef = 4E6725762C8E80C70063DC95 /* AliyunEmasServices-Info.plist */; };
		76F7CBCB203337AE2812F051 /* Pods_CZDemo.framework in Frameworks */ = {isa = PBXBuildFile; fileRef = FD290CF68E4D71BEB690F4A3 /* Pods_CZDemo.framework */; };
/* End PBXBuildFile section */

/* Begin PBXFileReference section */
		4E67255A2C8E80BA0063DC95 /* CZDemo.app */ = {isa = PBXFileReference; explicitFileType = wrapper.application; includeInIndex = 0; path = CZDemo.app; sourceTree = BUILT_PRODUCTS_DIR; };
		4E67255D2C8E80BA0063DC95 /* AppDelegate.h */ = {isa = PBXFileReference; lastKnownFileType = sourcecode.c.h; path = AppDelegate.h; sourceTree = "<group>"; };
		4E67255E2C8E80BA0063DC95 /* AppDelegate.m */ = {isa = PBXFileReference; lastKnownFileType = sourcecode.c.objc; path = AppDelegate.m; sourceTree = "<group>"; };
		4E6725602C8E80BA0063DC95 /* SceneDelegate.h */ = {isa = PBXFileReference; lastKnownFileType = sourcecode.c.h; path = SceneDelegate.h; sourceTree = "<group>"; };
		4E6725612C8E80BA0063DC95 /* SceneDelegate.m */ = {isa = PBXFileReference; lastKnownFileType = sourcecode.c.objc; path = SceneDelegate.m; sourceTree = "<group>"; };
		4E6725632C8E80BA0063DC95 /* ViewController.h */ = {isa = PBXFileReference; lastKnownFileType = sourcecode.c.h; path = ViewController.h; sourceTree = "<group>"; };
		4E6725642C8E80BA0063DC95 /* ViewController.m */ = {isa = PBXFileReference; lastKnownFileType = sourcecode.c.objc; path = ViewController.m; sourceTree = "<group>"; };
		4E6725672C8E80BA0063DC95 /* Base */ = {isa = PBXFileReference; lastKnownFileType = file.storyboard; name = Base; path = Base.lproj/Main.storyboard; sourceTree = "<group>"; };
		4E6725692C8E80BB0063DC95 /* Assets.xcassets */ = {isa = PBXFileReference; lastKnownFileType = folder.assetcatalog; path = Assets.xcassets; sourceTree = "<group>"; };
		4E67256C2C8E80BB0063DC95 /* Base */ = {isa = PBXFileReference; lastKnownFileType = file.storyboard; name = Base; path = Base.lproj/LaunchScreen.storyboard; sourceTree = "<group>"; };
		4E67256E2C8E80BB0063DC95 /* Info.plist */ = {isa = PBXFileReference; lastKnownFileType = text.plist.xml; path = Info.plist; sourceTree = "<group>"; };
		4E67256F2C8E80BB0063DC95 /* main.m */ = {isa = PBXFileReference; lastKnownFileType = sourcecode.c.objc; path = main.m; sourceTree = "<group>"; };
		4E6725762C8E80C70063DC95 /* AliyunEmasServices-Info.plist */ = {isa = PBXFileReference; fileEncoding = 4; lastKnownFileType = text.plist.xml; path = "AliyunEmasServices-Info.plist"; sourceTree = "<group>"; };
		7EE1BC20154C8DD5D4F9D99C /* Pods-CZDemo.debug.xcconfig */ = {isa = PBXFileReference; includeInIndex = 1; lastKnownFileType = text.xcconfig; name = "Pods-CZDemo.debug.xcconfig"; path = "Target Support Files/Pods-CZDemo/Pods-CZDemo.debug.xcconfig"; sourceTree = "<group>"; };
		B26F83F6C9774A24DD3BA4C5 /* Pods-CZDemo.release.xcconfig */ = {isa = PBXFileReference; includeInIndex = 1; lastKnownFileType = text.xcconfig; name = "Pods-CZDemo.release.xcconfig"; path = "Target Support Files/Pods-CZDemo/Pods-CZDemo.release.xcconfig"; sourceTree = "<group>"; };
		FD290CF68E4D71BEB690F4A3 /* Pods_CZDemo.framework */ = {isa = PBXFileReference; explicitFileType = wrapper.framework; includeInIndex = 0; path = Pods_CZDemo.framework; sourceTree = BUILT_PRODUCTS_DIR; };
/* End PBXFileReference section */

/* Begin PBXFrameworksBuildPhase section */
		4E6725572C8E80BA0063DC95 /* Frameworks */ = {
			isa = PBXFrameworksBuildPhase;
			buildActionMask = 2147483647;
			files = (
				76F7CBCB203337AE2812F051 /* Pods_CZDemo.framework in Frameworks */,
			);
			runOnlyForDeploymentPostprocessing = 0;
		};
/* End PBXFrameworksBuildPhase section */

/* Begin PBXGroup section */
		4E6725512C8E80BA0063DC95 = {
			isa = PBXGroup;
			children = (
				4E6725762C8E80C70063DC95 /* AliyunEmasServices-Info.plist */,
				4E67255C2C8E80BA0063DC95 /* CZDemo */,
				4E67255B2C8E80BA0063DC95 /* Products */,
				80D4341CC62719E71C39D668 /* Pods */,
				ED410C1647C61305AE0982A3 /* Frameworks */,
			);
			sourceTree = "<group>";
		};
		4E67255B2C8E80BA0063DC95 /* Products */ = {
			isa = PBXGroup;
			children = (
				4E67255A2C8E80BA0063DC95 /* CZDemo.app */,
			);
			name = Products;
			sourceTree = "<group>";
		};
		4E67255C2C8E80BA0063DC95 /* CZDemo */ = {
			isa = PBXGroup;
			children = (
				4E67255D2C8E80BA0063DC95 /* AppDelegate.h */,
				4E67255E2C8E80BA0063DC95 /* AppDelegate.m */,
				4E6725602C8E80BA0063DC95 /* SceneDelegate.h */,
				4E6725612C8E80BA0063DC95 /* SceneDelegate.m */,
				4E6725632C8E80BA0063DC95 /* ViewController.h */,
				4E6725642C8E80BA0063DC95 /* ViewController.m */,
				4E6725662C8E80BA0063DC95 /* Main.storyboard */,
				4E6725692C8E80BB0063DC95 /* Assets.xcassets */,
				4E67256B2C8E80BB0063DC95 /* LaunchScreen.storyboard */,
				4E67256E2C8E80BB0063DC95 /* Info.plist */,
				4E67256F2C8E80BB0063DC95 /* main.m */,
			);
			path = CZDemo;
			sourceTree = "<group>";
		};
		80D4341CC62719E71C39D668 /* Pods */ = {
			isa = PBXGroup;
			children = (
				7EE1BC20154C8DD5D4F9D99C /* Pods-CZDemo.debug.xcconfig */,
				B26F83F6C9774A24DD3BA4C5 /* Pods-CZDemo.release.xcconfig */,
			);
			path = Pods;
			sourceTree = "<group>";
		};
		ED410C1647C61305AE0982A3 /* Frameworks */ = {
			isa = PBXGroup;
			children = (
				FD290CF68E4D71BEB690F4A3 /* Pods_CZDemo.framework */,
			);
			name = Frameworks;
			sourceTree = "<group>";
		};
/* End PBXGroup section */

/* Begin PBXNativeTarget section */
		4E6725592C8E80BA0063DC95 /* CZDemo */ = {
			isa = PBXNativeTarget;
			buildConfigurationList = 4E6725732C8E80BB0063DC95 /* Build configuration list for PBXNativeTarget "CZDemo" */;
			buildPhases = (
				F33360F7488C11C570A62A84 /* [CP] Check Pods Manifest.lock */,
				4E6725562C8E80BA0063DC95 /* Sources */,
				4E6725572C8E80BA0063DC95 /* Frameworks */,
				4E6725582C8E80BA0063DC95 /* Resources */,
				CC51D3CA1A7F5DC42E916CE8 /* [CP] Embed Pods Frameworks */,
			);
			buildRules = (
			);
			dependencies = (
			);
			name = CZDemo;
			productName = CZDemo;
			productReference = 4E67255A2C8E80BA0063DC95 /* CZDemo.app */;
			productType = "com.apple.product-type.application";
		};
/* End PBXNativeTarget section */

/* Begin PBXProject section */
		4E6725522C8E80BA0063DC95 /* Project object */ = {
			isa = PBXProject;
			attributes = {
				BuildIndependentTargetsInParallel = 1;
				LastUpgradeCheck = 1540;
				TargetAttributes = {
					4E6725592C8E80BA0063DC95 = {
						CreatedOnToolsVersion = 15.4;
					};
				};
			};
			buildConfigurationList = 4E6725552C8E80BA0063DC95 /* Build configuration list for PBXProject "CZDemo" */;
			compatibilityVersion = "Xcode 14.0";
			developmentRegion = en;
			hasScannedForEncodings = 0;
			knownRegions = (
				en,
				Base,
			);
			mainGroup = 4E6725512C8E80BA0063DC95;
			productRefGroup = 4E67255B2C8E80BA0063DC95 /* Products */;
			projectDirPath = "";
			projectRoot = "";
			targets = (
				4E6725592C8E80BA0063DC95 /* CZDemo */,
			);
		};
/* End PBXProject section */

/* Begin PBXResourcesBuildPhase section */
		4E6725582C8E80BA0063DC95 /* Resources */ = {
			isa = PBXResourcesBuildPhase;
			buildActionMask = 2147483647;
			files = (
				4E6725772C8E80C70063DC95 /* AliyunEmasServices-Info.plist in Resources */,
				4E67256A2C8E80BB0063DC95 /* Assets.xcassets in Resources */,
				4E67256D2C8E80BB0063DC95 /* Base in Resources */,
				4E6725682C8E80BA0063DC95 /* Base in Resources */,
			);
			runOnlyForDeploymentPostprocessing = 0;
		};
/* End PBXResourcesBuildPhase section */

/* Begin PBXShellScriptBuildPhase section */
		CC51D3CA1A7F5DC42E916CE8 /* [CP] Embed Pods Frameworks */ = {
			isa = PBXShellScriptBuildPhase;
			buildActionMask = 2147483647;
			files = (
			);
			inputFileListPaths = (
				"${PODS_ROOT}/Target Support Files/Pods-CZDemo/Pods-CZDemo-frameworks-${CONFIGURATION}-input-files.xcfilelist",
			);
			name = "[CP] Embed Pods Frameworks";
			outputFileListPaths = (
				"${PODS_ROOT}/Target Support Files/Pods-CZDemo/Pods-CZDemo-frameworks-${CONFIGURATION}-output-files.xcfilelist",
			);
			runOnlyForDeploymentPostprocessing = 0;
			shellPath = /bin/sh;
			shellScript = "\"${PODS_ROOT}/Target Support Files/Pods-CZDemo/Pods-CZDemo-frameworks.sh\"\n";
			showEnvVarsInLog = 0;
		};
		F33360F7488C11C570A62A84 /* [CP] Check Pods Manifest.lock */ = {
			isa = PBXShellScriptBuildPhase;
			buildActionMask = 2147483647;
			files = (
			);
			inputFileListPaths = (
			);
			inputPaths = (
				"${PODS_PODFILE_DIR_PATH}/Podfile.lock",
				"${PODS_ROOT}/Manifest.lock",
			);
			name = "[CP] Check Pods Manifest.lock";
			outputFileListPaths = (
			);
			outputPaths = (
				"$(DERIVED_FILE_DIR)/Pods-CZDemo-checkManifestLockResult.txt",
			);
			runOnlyForDeploymentPostprocessing = 0;
			shellPath = /bin/sh;
			shellScript = "diff \"${PODS_PODFILE_DIR_PATH}/Podfile.lock\" \"${PODS_ROOT}/Manifest.lock\" > /dev/null\nif [ $? != 0 ] ; then\n    # print error to STDERR\n    echo \"error: The sandbox is not in sync with the Podfile.lock. Run 'pod install' or update your CocoaPods installation.\" >&2\n    exit 1\nfi\n# This output is used by Xcode 'outputs' to avoid re-running this script phase.\necho \"SUCCESS\" > \"${SCRIPT_OUTPUT_FILE_0}\"\n";
			showEnvVarsInLog = 0;
		};
/* End PBXShellScriptBuildPhase section */

/* Begin PBXSourcesBuildPhase section */
		4E6725562C8E80BA0063DC95 /* Sources */ = {
			isa = PBXSourcesBuildPhase;
			buildActionMask = 2147483647;
			files = (
				4E6725652C8E80BA0063DC95 /* ViewController.m in Sources */,
				4E67255F2C8E80BA0063DC95 /* AppDelegate.m in Sources */,
				4E6725702C8E80BB0063DC95 /* main.m in Sources */,
				4E6725622C8E80BA0063DC95 /* SceneDelegate.m in Sources */,
			);
			runOnlyForDeploymentPostprocessing = 0;
		};
/* End PBXSourcesBuildPhase section */

/* Begin PBXVariantGroup section */
		4E6725662C8E80BA0063DC95 /* Main.storyboard */ = {
			isa = PBXVariantGroup;
			children = (
				4E6725672C8E80BA0063DC95 /* Base */,
			);
			name = Main.storyboard;
			sourceTree = "<group>";
		};
		4E67256B2C8E80BB0063DC95 /* LaunchScreen.storyboard */ = {
			isa = PBXVariantGroup;
			children = (
				4E67256C2C8E80BB0063DC95 /* Base */,
			);
			name = LaunchScreen.storyboard;
			sourceTree = "<group>";
		};
/* End PBXVariantGroup section */

/* Begin XCBuildConfiguration section */
		4E6725712C8E80BB0063DC95 /* Debug */ = {
			isa = XCBuildConfiguration;
			buildSettings = {
				ALWAYS_SEARCH_USER_PATHS = NO;
				ASSETCATALOG_COMPILER_GENERATE_SWIFT_ASSET_SYMBOL_EXTENSIONS = YES;
				CLANG_ANALYZER_NONNULL = YES;
				CLANG_ANALYZER_NUMBER_OBJECT_CONVERSION = YES_AGGRESSIVE;
				CLANG_CXX_LANGUAGE_STANDARD = "gnu++20";
				CLANG_ENABLE_MODULES = YES;
				CLANG_ENABLE_OBJC_ARC = YES;
				CLANG_ENABLE_OBJC_WEAK = YES;
				CLANG_WARN_BLOCK_CAPTURE_AUTORELEASING = YES;
				CLANG_WARN_BOOL_CONVERSION = YES;
				CLANG_WARN_COMMA = YES;
				CLANG_WARN_CONSTANT_CONVERSION = YES;
				CLANG_WARN_DEPRECATED_OBJC_IMPLEMENTATIONS = YES;
				CLANG_WARN_DIRECT_OBJC_ISA_USAGE = YES_ERROR;
				CLANG_WARN_DOCUMENTATION_COMMENTS = YES;
				CLANG_WARN_EMPTY_BODY = YES;
				CLANG_WARN_ENUM_CONVERSION = YES;
				CLANG_WARN_INFINITE_RECURSION = YES;
				CLANG_WARN_INT_CONVERSION = YES;
				CLANG_WARN_NON_LITERAL_NULL_CONVERSION = YES;
				CLANG_WARN_OBJC_IMPLICIT_RETAIN_SELF = YES;
				CLANG_WARN_OBJC_LITERAL_CONVERSION = YES;
				CLANG_WARN_OBJC_ROOT_CLASS = YES_ERROR;
				CLANG_WARN_QUOTED_INCLUDE_IN_FRAMEWORK_HEADER = YES;
				CLANG_WARN_RANGE_LOOP_ANALYSIS = YES;
				CLANG_WARN_STRICT_PROTOTYPES = YES;
				CLANG_WARN_SUSPICIOUS_MOVE = YES;
				CLANG_WARN_UNGUARDED_AVAILABILITY = YES_AGGRESSIVE;
				CLANG_WARN_UNREACHABLE_CODE = YES;
				CLANG_WARN__DUPLICATE_METHOD_MATCH = YES;
				COPY_PHASE_STRIP = NO;
				DEBUG_INFORMATION_FORMAT = dwarf;
				ENABLE_STRICT_OBJC_MSGSEND = YES;
				ENABLE_TESTABILITY = YES;
				ENABLE_USER_SCRIPT_SANDBOXING = YES;
				GCC_C_LANGUAGE_STANDARD = gnu17;
				GCC_DYNAMIC_NO_PIC = NO;
				GCC_NO_COMMON_BLOCKS = YES;
				GCC_OPTIMIZATION_LEVEL = 0;
				GCC_PREPROCESSOR_DEFINITIONS = (
					"DEBUG=1",
					"$(inherited)",
				);
				GCC_WARN_64_TO_32_BIT_CONVERSION = YES;
				GCC_WARN_ABOUT_RETURN_TYPE = YES_ERROR;
				GCC_WARN_UNDECLARED_SELECTOR = YES;
				GCC_WARN_UNINITIALIZED_AUTOS = YES_AGGRESSIVE;
				GCC_WARN_UNUSED_FUNCTION = YES;
				GCC_WARN_UNUSED_VARIABLE = YES;
				IPHONEOS_DEPLOYMENT_TARGET = 13.0;
				LOCALIZATION_PREFERS_STRING_CATALOGS = YES;
				MTL_ENABLE_DEBUG_INFO = INCLUDE_SOURCE;
				MTL_FAST_MATH = YES;
				ONLY_ACTIVE_ARCH = YES;
				SDKROOT = iphoneos;
			};
			name = Debug;
		};
		4E6725722C8E80BB0063DC95 /* Release */ = {
			isa = XCBuildConfiguration;
			buildSettings = {
				ALWAYS_SEARCH_USER_PATHS = NO;
				ASSETCATALOG_COMPILER_GENERATE_SWIFT_ASSET_SYMBOL_EXTENSIONS = YES;
				CLANG_ANALYZER_NONNULL = YES;
				CLANG_ANALYZER_NUMBER_OBJECT_CONVERSION = YES_AGGRESSIVE;
				CLANG_CXX_LANGUAGE_STANDARD = "gnu++20";
				CLANG_ENABLE_MODULES = YES;
				CLANG_ENABLE_OBJC_ARC = YES;
				CLANG_ENABLE_OBJC_WEAK = YES;
				CLANG_WARN_BLOCK_CAPTURE_AUTORELEASING = YES;
				CLANG_WARN_BOOL_CONVERSION = YES;
				CLANG_WARN_COMMA = YES;
				CLANG_WARN_CONSTANT_CONVERSION = YES;
				CLANG_WARN_DEPRECATED_OBJC_IMPLEMENTATIONS = YES;
				CLANG_WARN_DIRECT_OBJC_ISA_USAGE = YES_ERROR;
				CLANG_WARN_DOCUMENTATION_COMMENTS = YES;
				CLANG_WARN_EMPTY_BODY = YES;
				CLANG_WARN_ENUM_CONVERSION = YES;
				CLANG_WARN_INFINITE_RECURSION = YES;
				CLANG_WARN_INT_CONVERSION = YES;
				CLANG_WARN_NON_LITERAL_NULL_CONVERSION = YES;
				CLANG_WARN_OBJC_IMPLICIT_RETAIN_SELF = YES;
				CLANG_WARN_OBJC_LITERAL_CONVERSION = YES;
				CLANG_WARN_OBJC_ROOT_CLASS = YES_ERROR;
				CLANG_WARN_QUOTED_INCLUDE_IN_FRAMEWORK_HEADER = YES;
				CLANG_WARN_RANGE_LOOP_ANALYSIS = YES;
				CLANG_WARN_STRICT_PROTOTYPES = YES;
				CLANG_WARN_SUSPICIOUS_MOVE = YES;
				CLANG_WARN_UNGUARDED_AVAILABILITY = YES_AGGRESSIVE;
				CLANG_WARN_UNREACHABLE_CODE = YES;
				CLANG_WARN__DUPLICATE_METHOD_MATCH = YES;
				COPY_PHASE_STRIP = NO;
				DEBUG_INFORMATION_FORMAT = "dwarf-with-dsym";
				ENABLE_NS_ASSERTIONS = NO;
				ENABLE_STRICT_OBJC_MSGSEND = YES;
				ENABLE_USER_SCRIPT_SANDBOXING = YES;
				GCC_C_LANGUAGE_STANDARD = gnu17;
				GCC_NO_COMMON_BLOCKS = YES;
				GCC_WARN_64_TO_32_BIT_CONVERSION = YES;
				GCC_WARN_ABOUT_RETURN_TYPE = YES_ERROR;
				GCC_WARN_UNDECLARED_SELECTOR = YES;
				GCC_WARN_UNINITIALIZED_AUTOS = YES_AGGRESSIVE;
				GCC_WARN_UNUSED_FUNCTION = YES;
				GCC_WARN_UNUSED_VARIABLE = YES;
				IPHONEOS_DEPLOYMENT_TARGET = 13.0;
				LOCALIZATION_PREFERS_STRING_CATALOGS = YES;
				MTL_ENABLE_DEBUG_INFO = NO;
				MTL_FAST_MATH = YES;
				SDKROOT = iphoneos;
				VALIDATE_PRODUCT = YES;
			};
			name = Release;
		};
		4E6725742C8E80BB0063DC95 /* Debug */ = {
			isa = XCBuildConfiguration;
			baseConfigurationReference = 7EE1BC20154C8DD5D4F9D99C /* Pods-CZDemo.debug.xcconfig */;
			buildSettings = {
				ASSETCATALOG_COMPILER_APPICON_NAME = AppIcon;
				ASSETCATALOG_COMPILER_GLOBAL_ACCENT_COLOR_NAME = AccentColor;
				CODE_SIGN_IDENTITY = "Apple Development";
				CODE_SIGN_STYLE = Automatic;
				CURRENT_PROJECT_VERSION = 1;
				DEVELOPMENT_TEAM = KMB2BDRT85;
				ENABLE_USER_SCRIPT_SANDBOXING = NO;
				GENERATE_INFOPLIST_FILE = YES;
				INFOPLIST_FILE = CZDemo/Info.plist;
				INFOPLIST_KEY_UIApplicationSupportsIndirectInputEvents = YES;
				INFOPLIST_KEY_UILaunchStoryboardName = LaunchScreen;
				INFOPLIST_KEY_UIMainStoryboardFile = Main;
				INFOPLIST_KEY_UISupportedInterfaceOrientations_iPad = "UIInterfaceOrientationPortrait UIInterfaceOrientationPortraitUpsideDown UIInterfaceOrientationLandscapeLeft UIInterfaceOrientationLandscapeRight";
				INFOPLIST_KEY_UISupportedInterfaceOrientations_iPhone = "UIInterfaceOrientationPortrait UIInterfaceOrientationLandscapeLeft UIInterfaceOrientationLandscapeRight";
				IPHONEOS_DEPLOYMENT_TARGET = 13.0;
				LD_RUNPATH_SEARCH_PATHS = (
					"$(inherited)",
					"@executable_path/Frameworks",
				);
				MARKETING_VERSION = 1.0;
				PRODUCT_BUNDLE_IDENTIFIER = com.csair.CZDemo;
				PRODUCT_NAME = "$(TARGET_NAME)";
				PROVISIONING_PROFILE_SPECIFIER = "";
				SWIFT_EMIT_LOC_STRINGS = YES;
				TARGETED_DEVICE_FAMILY = "1,2";
			};
			name = Debug;
		};
		4E6725752C8E80BB0063DC95 /* Release */ = {
			isa = XCBuildConfiguration;
			baseConfigurationReference = B26F83F6C9774A24DD3BA4C5 /* Pods-CZDemo.release.xcconfig */;
			buildSettings = {
				ASSETCATALOG_COMPILER_APPICON_NAME = AppIcon;
				ASSETCATALOG_COMPILER_GLOBAL_ACCENT_COLOR_NAME = AccentColor;
				CODE_SIGN_IDENTITY = "Apple Development";
				CODE_SIGN_STYLE = Automatic;
				CURRENT_PROJECT_VERSION = 1;
				DEVELOPMENT_TEAM = KMB2BDRT85;
				ENABLE_USER_SCRIPT_SANDBOXING = NO;
				GENERATE_INFOPLIST_FILE = YES;
				INFOPLIST_FILE = CZDemo/Info.plist;
				INFOPLIST_KEY_UIApplicationSupportsIndirectInputEvents = YES;
				INFOPLIST_KEY_UILaunchStoryboardName = LaunchScreen;
				INFOPLIST_KEY_UIMainStoryboardFile = Main;
				INFOPLIST_KEY_UISupportedInterfaceOrientations_iPad = "UIInterfaceOrientationPortrait UIInterfaceOrientationPortraitUpsideDown UIInterfaceOrientationLandscapeLeft UIInterfaceOrientationLandscapeRight";
				INFOPLIST_KEY_UISupportedInterfaceOrientations_iPhone = "UIInterfaceOrientationPortrait UIInterfaceOrientationLandscapeLeft UIInterfaceOrientationLandscapeRight";
				IPHONEOS_DEPLOYMENT_TARGET = 13.0;
				LD_RUNPATH_SEARCH_PATHS = (
					"$(inherited)",
					"@executable_path/Frameworks",
				);
				MARKETING_VERSION = 1.0;
				PRODUCT_BUNDLE_IDENTIFIER = com.csair.CZDemo;
				PRODUCT_NAME = "$(TARGET_NAME)";
				PROVISIONING_PROFILE_SPECIFIER = "";
				SWIFT_EMIT_LOC_STRINGS = YES;
				TARGETED_DEVICE_FAMILY = "1,2";
			};
			name = Release;
		};
/* End XCBuildConfiguration section */

/* Begin XCConfigurationList section */
		4E6725552C8E80BA0063DC95 /* Build configuration list for PBXProject "CZDemo" */ = {
			isa = XCConfigurationList;
			buildConfigurations = (
				4E6725712C8E80BB0063DC95 /* Debug */,
				4E6725722C8E80BB0063DC95 /* Release */,
			);
			defaultConfigurationIsVisible = 0;
			defaultConfigurationName = Release;
		};
		4E6725732C8E80BB0063DC95 /* Build configuration list for PBXNativeTarget "CZDemo" */ = {
			isa = XCConfigurationList;
			buildConfigurations = (
				4E6725742C8E80BB0063DC95 /* Debug */,
				4E6725752C8E80BB0063DC95 /* Release */,
			);
			defaultConfigurationIsVisible = 0;
			defaultConfigurationName = Release;
		};
/* End XCConfigurationList section */
	};
	rootObject = 4E6725522C8E80BA0063DC95 /* Project object */;
}
