PODS:
  - SDWebImage (5.19.4):
    - SDWebImage/Core (= 5.19.4)
  - SDWebImage/Core (5.19.4)

DEPENDENCIES:
  - SDWebImage

SPEC REPOS:
  https://github.com/CocoaPods/Specs.git:
    - SDWebImage

SPEC CHECKSUMS:
  SDWebImage: 066c47b573f408f18caa467d71deace7c0f8280d

PODFILE CHECKSUM: 5417fdb47ae4279c5716998e4ae0db33f2b03621

COCOAPODS: 1.15.2
